
Microsoft Visual Studio Solution File, Format Version 12.00
# Visual Studio Version 17
VisualStudioVersion = 17.9.34728.123
MinimumVisualStudioVersion = 10.0.40219.1
Project("{FAE04EC0-301F-11D3-BF4B-00C04F79EFBC}") = "BookManagementWeb", "BookManagementWeb\BookManagementWeb.csproj", "{378FB9A2-42A6-4FD4-B262-EEBC12017440}"
EndProject
Global
	GlobalSection(SolutionConfigurationPlatforms) = preSolution
		Debug|Any CPU = Debug|Any CPU
		Release|Any CPU = Release|Any CPU
	EndGlobalSection
	GlobalSection(ProjectConfigurationPlatforms) = postSolution
		{378FB9A2-42A6-4FD4-B262-EEBC12017440}.Debug|Any CPU.ActiveCfg = Debug|Any CPU
		{378FB9A2-42A6-4FD4-B262-EEBC12017440}.Debug|Any CPU.Build.0 = Debug|Any CPU
		{378FB9A2-42A6-4FD4-B262-EEBC12017440}.Release|Any CPU.ActiveCfg = Release|Any CPU
		{378FB9A2-42A6-4FD4-B262-EEBC12017440}.Release|Any CPU.Build.0 = Release|Any CPU
	EndGlobalSection
	GlobalSection(SolutionProperties) = preSolution
		HideSolutionNode = FALSE
	EndGlobalSection
	GlobalSection(ExtensibilityGlobals) = postSolution
		SolutionGuid = {8893FA24-6F98-461C-9F6C-5B62C1A24D94}
	EndGlobalSection
EndGlobal
